{
  "name": "nodebots",
  "version": "0.0.0",
  "lockfileVersion": 1,
  "requires": true,
  "dependencies": {
    "barcli": {
      "version": "0.0.25",
      "resolved": "https://pkgs.dev.azure.com/diemobiliar/RWC/_packaging/npm-main/npm/registry/barcli/-/barcli-0.0.25.tgz",
      "integrity": "sha1-MRpVc6Muuf1hJSQ8gC6flOopVRA=",
      "requires": {
        "chalk": "^1.0.0"
      },
      "dependencies": {
        "ansi-regex": {
          "version": "2.1.1",
          "resolved": "https://pkgs.dev.azure.com/diemobiliar/RWC/_packaging/npm-main/npm/registry/ansi-regex/-/ansi-regex-2.1.1.tgz",
          "integrity": "sha1-w7M6te42DYbg5ijwRorn7yfWVN8="
        },
        "ansi-styles": {
          "version": "2.2.1",
          "resolved": "https://pkgs.dev.azure.com/diemobiliar/RWC/_packaging/npm-main/npm/registry/ansi-styles/-/ansi-styles-2.2.1.tgz",
          "integrity": "sha1-tDLdM1i2NM914eRmQ2gkBTPB3b4="
        },
        "chalk": {
          "version": "1.1.3",
          "resolved": "https://pkgs.dev.azure.com/diemobiliar/RWC/_packaging/npm-main/npm/registry/chalk/-/chalk-1.1.3.tgz",
          "integrity": "sha1-qBFcVeSnAv5NFQq9OHKCKn4J/Jg=",
          "requires": {
            "ansi-styles": "^2.2.1",
            "escape-string-regexp": "^1.0.2",
            "has-ansi": "^2.0.0",
            "strip-ansi": "^3.0.0",
            "supports-color": "^2.0.0"
          }
        },
        "escape-string-regexp": {
          "version": "1.0.5",
          "resolved": "https://pkgs.dev.azure.com/diemobiliar/RWC/_packaging/npm-main/npm/registry/escape-string-regexp/-/escape-string-regexp-1.0.5.tgz",
          "integrity": "sha1-G2HAViGQqN/2rjuyzwIAyhMLhtQ="
        },
        "has-ansi": {
          "version": "2.0.0",
          "resolved": "https://pkgs.dev.azure.com/diemobiliar/RWC/_packaging/npm-main/npm/registry/has-ansi/-/has-ansi-2.0.0.tgz",
          "integrity": "sha1-NPUEnOHs3ysGSa8+8k5F7TVBbZE=",
          "requires": {
            "ansi-regex": "^2.0.0"
          }
        },
        "strip-ansi": {
          "version": "3.0.1",
          "resolved": "https://pkgs.dev.azure.com/diemobiliar/RWC/_packaging/npm-main/npm/registry/strip-ansi/-/strip-ansi-3.0.1.tgz",
          "integrity": "sha1-ajhfuIU9lS1f8F0Oiq+UJ43GPc8=",
          "requires": {
            "ansi-regex": "^2.0.0"
          }
        },
        "supports-color": {
          "version": "2.0.0",
          "resolved": "https://pkgs.dev.azure.com/diemobiliar/RWC/_packaging/npm-main/npm/registry/supports-color/-/supports-color-2.0.0.tgz",
          "integrity": "sha1-U10EXOa2Nj+kARcIRimZXp3zJMc="
        }
      }
    },
    "johnny-five": {
      "version": "2.0.0",
      "resolved": "https://pkgs.dev.azure.com/diemobiliar/RWC/_packaging/npm-main/npm/registry/johnny-five/-/johnny-five-2.0.0.tgz",
      "integrity": "sha1-sETzDFNAXTc8lgjcLNCjBJ9zdCE=",
      "requires": {
        "browser-serialport": "^2.1.0",
        "chalk": "2.1.0",
        "color-convert": "~1.2.2",
        "firmata": "^2.2.0",
        "lodash.clonedeep": "^4.3.0",
        "lodash.debounce": "^4.0.3",
        "nanotimer": "0.3.10",
        "serialport": "^8.0.5",
        "temporal": "^0.7.1"
      },
      "dependencies": {
        "@serialport/binding-abstract": {
          "version": "8.0.6",
          "resolved": "https://pkgs.dev.azure.com/diemobiliar/RWC/_packaging/npm-main/npm/registry/@serialport/binding-abstract/-/binding-abstract-8.0.6.tgz",
          "integrity": "sha1-eObXmVqVxG1IBEUwPm8yyk1T7c0=",
          "optional": true,
          "requires": {
            "debug": "^4.1.1"
          }
        },
        "@serialport/binding-mock": {
          "version": "8.0.6",
          "resolved": "https://pkgs.dev.azure.com/diemobiliar/RWC/_packaging/npm-main/npm/registry/@serialport/binding-mock/-/binding-mock-8.0.6.tgz",
          "integrity": "sha1-Qaj4Jyacag5YVGUTonThICMTQVU=",
          "optional": true,
          "requires": {
            "@serialport/binding-abstract": "^8.0.6",
            "debug": "^4.1.1"
          }
        },
        "@serialport/bindings": {
          "version": "8.0.8",
          "resolved": "https://pkgs.dev.azure.com/diemobiliar/RWC/_packaging/npm-main/npm/registry/@serialport/bindings/-/bindings-8.0.8.tgz",
          "integrity": "sha1-4DknpLaJ7u58oe2CYqs17EbjoVg=",
          "optional": true,
          "requires": {
            "@serialport/binding-abstract": "^8.0.6",
            "@serialport/parser-readline": "^8.0.6",
            "bindings": "^1.5.0",
            "debug": "^4.1.1",
            "nan": "^2.14.0",
            "prebuild-install": "^5.3.0"
          }
        },
        "@serialport/parser-byte-length": {
          "version": "8.0.6",
          "resolved": "https://pkgs.dev.azure.com/diemobiliar/RWC/_packaging/npm-main/npm/registry/@serialport/parser-byte-length/-/parser-byte-length-8.0.6.tgz",
          "integrity": "sha1-77YZVpKxCI5sCV/UO64Zb8MGdNA=",
          "optional": true
        },
        "@serialport/parser-cctalk": {
          "version": "8.0.6",
          "resolved": "https://pkgs.dev.azure.com/diemobiliar/RWC/_packaging/npm-main/npm/registry/@serialport/parser-cctalk/-/parser-cctalk-8.0.6.tgz",
          "integrity": "sha1-QTSjxHnUZd87FSoh4WuOzxvIGMM=",
          "optional": true
        },
        "@serialport/parser-delimiter": {
          "version": "8.0.6",
          "resolved": "https://pkgs.dev.azure.com/diemobiliar/RWC/_packaging/npm-main/npm/registry/@serialport/parser-delimiter/-/parser-delimiter-8.0.6.tgz",
          "integrity": "sha1-DkZ8sHpAvTAGg1xI5Ihma9feIsw=",
          "optional": true
        },
        "@serialport/parser-readline": {
          "version": "8.0.6",
          "resolved": "https://pkgs.dev.azure.com/diemobiliar/RWC/_packaging/npm-main/npm/registry/@serialport/parser-readline/-/parser-readline-8.0.6.tgz",
          "integrity": "sha1-imopahvsCKSFW/emK8YzXVKXLko=",
          "optional": true,
          "requires": {
            "@serialport/parser-delimiter": "^8.0.6"
          }
        },
        "@serialport/parser-ready": {
          "version": "8.0.6",
          "resolved": "https://pkgs.dev.azure.com/diemobiliar/RWC/_packaging/npm-main/npm/registry/@serialport/parser-ready/-/parser-ready-8.0.6.tgz",
          "integrity": "sha1-1uleU+5w0piuC0FHmVAH9LpiZRw=",
          "optional": true
        },
        "@serialport/parser-regex": {
          "version": "8.0.6",
          "resolved": "https://pkgs.dev.azure.com/diemobiliar/RWC/_packaging/npm-main/npm/registry/@serialport/parser-regex/-/parser-regex-8.0.6.tgz",
          "integrity": "sha1-cKoavjGJnRuYb0TPtnd6duJnVb8=",
          "optional": true
        },
        "@serialport/stream": {
          "version": "8.0.6",
          "resolved": "https://pkgs.dev.azure.com/diemobiliar/RWC/_packaging/npm-main/npm/registry/@serialport/stream/-/stream-8.0.6.tgz",
          "integrity": "sha1-M5XbrHiMAHl8JDXGHC7LTpn79B0=",
          "optional": true,
          "requires": {
            "debug": "^4.1.1"
          }
        },
        "ansi-regex": {
          "version": "2.1.1",
          "resolved": "https://pkgs.dev.azure.com/diemobiliar/RWC/_packaging/npm-main/npm/registry/ansi-regex/-/ansi-regex-2.1.1.tgz",
          "integrity": "sha1-w7M6te42DYbg5ijwRorn7yfWVN8=",
          "optional": true
        },
        "ansi-styles": {
          "version": "3.2.1",
          "resolved": "https://pkgs.dev.azure.com/diemobiliar/RWC/_packaging/npm-main/npm/registry/ansi-styles/-/ansi-styles-3.2.1.tgz",
          "integrity": "sha1-QfuyAkPlCxK+DwS43tvwdSDOhB0=",
          "requires": {
            "color-convert": "^1.9.0"
          },
          "dependencies": {
            "color-convert": {
              "version": "1.9.3",
              "resolved": "https://pkgs.dev.azure.com/diemobiliar/RWC/_packaging/npm-main/npm/registry/color-convert/-/color-convert-1.9.3.tgz",
              "integrity": "sha1-u3GFBpDh8TZWfeYp0tVHHe2kweg=",
              "requires": {
                "color-name": "1.1.3"
              }
            }
          }
        },
        "aproba": {
          "version": "1.2.0",
          "resolved": "https://pkgs.dev.azure.com/diemobiliar/RWC/_packaging/npm-main/npm/registry/aproba/-/aproba-1.2.0.tgz",
          "integrity": "sha1-aALmJk79GMeQobDVF/DyYnvyyUo=",
          "optional": true
        },
        "are-we-there-yet": {
          "version": "1.1.5",
          "resolved": "https://pkgs.dev.azure.com/diemobiliar/RWC/_packaging/npm-main/npm/registry/are-we-there-yet/-/are-we-there-yet-1.1.5.tgz",
          "integrity": "sha1-SzXClE8GKov82mZBB2A1D+nd/CE=",
          "optional": true,
          "requires": {
            "delegates": "^1.0.0",
            "readable-stream": "^2.0.6"
          }
        },
        "base64-js": {
          "version": "1.5.1",
          "resolved": "https://pkgs.dev.azure.com/diemobiliar/RWC/_packaging/npm-main/npm/registry/base64-js/-/base64-js-1.5.1.tgz",
          "integrity": "sha1-GxtEAWClv3rUC2UPCVljSBkDkwo=",
          "optional": true
        },
        "bindings": {
          "version": "1.5.0",
          "resolved": "https://pkgs.dev.azure.com/diemobiliar/RWC/_packaging/npm-main/npm/registry/bindings/-/bindings-1.5.0.tgz",
          "integrity": "sha1-EDU8npRTNLwFEabZCzj7x8nFBN8=",
          "optional": true,
          "requires": {
            "file-uri-to-path": "1.0.0"
          }
        },
        "bl": {
          "version": "4.0.3",
          "resolved": "https://pkgs.dev.azure.com/diemobiliar/RWC/_packaging/npm-main/npm/registry/bl/-/bl-4.0.3.tgz",
          "integrity": "sha1-EtYoetwpCA4ipwXldksqlSLNxIk=",
          "optional": true,
          "requires": {
            "buffer": "^5.5.0",
            "inherits": "^2.0.4",
            "readable-stream": "^3.4.0"
          },
          "dependencies": {
            "readable-stream": {
              "version": "3.6.0",
              "resolved": "https://pkgs.dev.azure.com/diemobiliar/RWC/_packaging/npm-main/npm/registry/readable-stream/-/readable-stream-3.6.0.tgz",
              "integrity": "sha1-M3u9o63AcGvT4CRCaihtS0sskZg=",
              "optional": true,
              "requires": {
                "inherits": "^2.0.3",
                "string_decoder": "^1.1.1",
                "util-deprecate": "^1.0.1"
              }
            }
          }
        },
        "browser-serialport": {
          "version": "2.1.0",
          "resolved": "https://pkgs.dev.azure.com/diemobiliar/RWC/_packaging/npm-main/npm/registry/browser-serialport/-/browser-serialport-2.1.0.tgz",
          "integrity": "sha1-+4QHfoS5u7uEk1quH8rJzmEF3H8=",
          "optional": true
        },
        "buffer": {
          "version": "5.7.1",
          "resolved": "https://pkgs.dev.azure.com/diemobiliar/RWC/_packaging/npm-main/npm/registry/buffer/-/buffer-5.7.1.tgz",
          "integrity": "sha1-umLnwTEzBTWCGXFghRqPZI6Z7tA=",
          "optional": true,
          "requires": {
            "base64-js": "^1.3.1",
            "ieee754": "^1.1.13"
          }
        },
        "chalk": {
          "version": "2.1.0",
          "resolved": "https://pkgs.dev.azure.com/diemobiliar/RWC/_packaging/npm-main/npm/registry/chalk/-/chalk-2.1.0.tgz",
          "integrity": "sha1-rFvs8U+iG5nGySynp9fP1bF+dD4=",
          "requires": {
            "ansi-styles": "^3.1.0",
            "escape-string-regexp": "^1.0.5",
            "supports-color": "^4.0.0"
          }
        },
        "chownr": {
          "version": "1.1.4",
          "resolved": "https://pkgs.dev.azure.com/diemobiliar/RWC/_packaging/npm-main/npm/registry/chownr/-/chownr-1.1.4.tgz",
          "integrity": "sha1-b8nXtC0ypYNZYzdmbn0ICE2izGs=",
          "optional": true
        },
        "code-point-at": {
          "version": "1.1.0",
          "resolved": "https://pkgs.dev.azure.com/diemobiliar/RWC/_packaging/npm-main/npm/registry/code-point-at/-/code-point-at-1.1.0.tgz",
          "integrity": "sha1-DQcLTQQ6W+ozovGkDi7bPZpMz3c=",
          "optional": true
        },
        "color-convert": {
          "version": "1.2.2",
          "resolved": "https://pkgs.dev.azure.com/diemobiliar/RWC/_packaging/npm-main/npm/registry/color-convert/-/color-convert-1.2.2.tgz",
          "integrity": "sha1-776VaX3TfX7s+uH9LPvrhMwlBk4="
        },
        "color-name": {
          "version": "1.1.3",
          "resolved": "https://pkgs.dev.azure.com/diemobiliar/RWC/_packaging/npm-main/npm/registry/color-name/-/color-name-1.1.3.tgz",
          "integrity": "sha1-p9BVi9icQveV3UIyj3QIMcpTvCU="
        },
        "console-control-strings": {
          "version": "1.1.0",
          "resolved": "https://pkgs.dev.azure.com/diemobiliar/RWC/_packaging/npm-main/npm/registry/console-control-strings/-/console-control-strings-1.1.0.tgz",
          "integrity": "sha1-PXz0Rk22RG6mRL9LOVB/mFEAjo4=",
          "optional": true
        },
        "core-util-is": {
          "version": "1.0.2",
          "resolved": "https://pkgs.dev.azure.com/diemobiliar/RWC/_packaging/npm-main/npm/registry/core-util-is/-/core-util-is-1.0.2.tgz",
          "integrity": "sha1-tf1UIgqivFq1eqtxQMlAdUUDwac=",
          "optional": true
        },
        "debug": {
          "version": "4.3.1",
          "resolved": "https://pkgs.dev.azure.com/diemobiliar/RWC/_packaging/npm-main/npm/registry/debug/-/debug-4.3.1.tgz",
          "integrity": "sha1-8NIpxQXgxtjEmsVT0bE9wYP2su4=",
          "optional": true,
          "requires": {
            "ms": "2.1.2"
          }
        },
        "decompress-response": {
          "version": "4.2.1",
          "resolved": "https://pkgs.dev.azure.com/diemobiliar/RWC/_packaging/npm-main/npm/registry/decompress-response/-/decompress-response-4.2.1.tgz",
          "integrity": "sha1-QUAjzHowLaJc4uyC0NUjjMr9iYY=",
          "optional": true,
          "requires": {
            "mimic-response": "^2.0.0"
          }
        },
        "deep-extend": {
          "version": "0.6.0",
          "resolved": "https://pkgs.dev.azure.com/diemobiliar/RWC/_packaging/npm-main/npm/registry/deep-extend/-/deep-extend-0.6.0.tgz",
          "integrity": "sha1-xPp8lUBKF6nD6Mp+FTcxK3NjMKw=",
          "optional": true
        },
        "delegates": {
          "version": "1.0.0",
          "resolved": "https://pkgs.dev.azure.com/diemobiliar/RWC/_packaging/npm-main/npm/registry/delegates/-/delegates-1.0.0.tgz",
          "integrity": "sha1-hMbhWbgZBP3KWaDvRM2HDTElD5o=",
          "optional": true
        },
        "detect-libc": {
          "version": "1.0.3",
          "resolved": "https://pkgs.dev.azure.com/diemobiliar/RWC/_packaging/npm-main/npm/registry/detect-libc/-/detect-libc-1.0.3.tgz",
          "integrity": "sha1-+hN8S9aY7fVc1c0CrFWfkaTEups=",
          "optional": true
        },
        "end-of-stream": {
          "version": "1.4.4",
          "resolved": "https://pkgs.dev.azure.com/diemobiliar/RWC/_packaging/npm-main/npm/registry/end-of-stream/-/end-of-stream-1.4.4.tgz",
          "integrity": "sha1-WuZKX0UFe682JuwU2gyl5LJDHrA=",
          "optional": true,
          "requires": {
            "once": "^1.4.0"
          }
        },
        "escape-string-regexp": {
          "version": "1.0.5",
          "resolved": "https://pkgs.dev.azure.com/diemobiliar/RWC/_packaging/npm-main/npm/registry/escape-string-regexp/-/escape-string-regexp-1.0.5.tgz",
          "integrity": "sha1-G2HAViGQqN/2rjuyzwIAyhMLhtQ="
        },
        "expand-template": {
          "version": "2.0.3",
          "resolved": "https://pkgs.dev.azure.com/diemobiliar/RWC/_packaging/npm-main/npm/registry/expand-template/-/expand-template-2.0.3.tgz",
          "integrity": "sha1-bhSz/O4POmNA7LV9LokYaSBSpHw=",
          "optional": true
        },
        "file-uri-to-path": {
          "version": "1.0.0",
          "resolved": "https://pkgs.dev.azure.com/diemobiliar/RWC/_packaging/npm-main/npm/registry/file-uri-to-path/-/file-uri-to-path-1.0.0.tgz",
          "integrity": "sha1-VTp7hEb/b2hDWcRF8eN6BdrMM90=",
          "optional": true
        },
        "firmata": {
          "version": "2.3.0",
          "resolved": "https://pkgs.dev.azure.com/diemobiliar/RWC/_packaging/npm-main/npm/registry/firmata/-/firmata-2.3.0.tgz",
          "integrity": "sha1-nj6jwA23PBxnBQI4m0PiN3skRkA=",
          "optional": true,
          "requires": {
            "firmata-io": "^2.3.0",
            "serialport": "^8.0.5"
          }
        },
        "firmata-io": {
          "version": "2.3.0",
          "resolved": "https://pkgs.dev.azure.com/diemobiliar/RWC/_packaging/npm-main/npm/registry/firmata-io/-/firmata-io-2.3.0.tgz",
          "integrity": "sha1-aBFWPnWvTodqeJKFsw1tioA8Rcg=",
          "optional": true
        },
        "fs-constants": {
          "version": "1.0.0",
          "resolved": "https://pkgs.dev.azure.com/diemobiliar/RWC/_packaging/npm-main/npm/registry/fs-constants/-/fs-constants-1.0.0.tgz",
          "integrity": "sha1-a+Dem+mYzhavivwkSXue6bfM2a0=",
          "optional": true
        },
        "gauge": {
          "version": "2.7.4",
          "resolved": "https://pkgs.dev.azure.com/diemobiliar/RWC/_packaging/npm-main/npm/registry/gauge/-/gauge-2.7.4.tgz",
          "integrity": "sha1-LANAXHU4w51+s3sxcCLjJfsBi/c=",
          "optional": true,
          "requires": {
            "aproba": "^1.0.3",
            "console-control-strings": "^1.0.0",
            "has-unicode": "^2.0.0",
            "object-assign": "^4.1.0",
            "signal-exit": "^3.0.0",
            "string-width": "^1.0.1",
            "strip-ansi": "^3.0.1",
            "wide-align": "^1.1.0"
          }
        },
        "github-from-package": {
          "version": "0.0.0",
          "resolved": "https://pkgs.dev.azure.com/diemobiliar/RWC/_packaging/npm-main/npm/registry/github-from-package/-/github-from-package-0.0.0.tgz",
          "integrity": "sha1-l/tdlr/eiXMxPyDoKI75oWf6ZM4=",
          "optional": true
        },
        "has-flag": {
          "version": "2.0.0",
          "resolved": "https://pkgs.dev.azure.com/diemobiliar/RWC/_packaging/npm-main/npm/registry/has-flag/-/has-flag-2.0.0.tgz",
          "integrity": "sha1-6CB68cx7MNRGzHC3NLXovhj4jVE="
        },
        "has-unicode": {
          "version": "2.0.1",
          "resolved": "https://pkgs.dev.azure.com/diemobiliar/RWC/_packaging/npm-main/npm/registry/has-unicode/-/has-unicode-2.0.1.tgz",
          "integrity": "sha1-4Ob+aijPUROIVeCG0Wkedx3iqLk=",
          "optional": true
        },
        "ieee754": {
          "version": "1.2.1",
          "resolved": "https://pkgs.dev.azure.com/diemobiliar/RWC/_packaging/npm-main/npm/registry/ieee754/-/ieee754-1.2.1.tgz",
          "integrity": "sha1-jrehCmP/8l0VpXsAFYbRd9Gw01I=",
          "optional": true
        },
        "inherits": {
          "version": "2.0.4",
          "resolved": "https://pkgs.dev.azure.com/diemobiliar/RWC/_packaging/npm-main/npm/registry/inherits/-/inherits-2.0.4.tgz",
          "integrity": "sha1-D6LGT5MpF8NDOg3tVTY6rjdBa3w=",
          "optional": true
        },
        "ini": {
          "version": "1.3.5",
          "resolved": "https://pkgs.dev.azure.com/diemobiliar/RWC/_packaging/npm-main/npm/registry/ini/-/ini-1.3.5.tgz",
          "integrity": "sha1-7uJfVtscnsYIXgwid4CD9Zar+Sc=",
          "optional": true
        },
        "is-fullwidth-code-point": {
          "version": "1.0.0",
          "resolved": "https://pkgs.dev.azure.com/diemobiliar/RWC/_packaging/npm-main/npm/registry/is-fullwidth-code-point/-/is-fullwidth-code-point-1.0.0.tgz",
          "integrity": "sha1-754xOG8DGn8NZDr4L95QxFfvAMs=",
          "optional": true,
          "requires": {
            "number-is-nan": "^1.0.0"
          }
        },
        "isarray": {
          "version": "1.0.0",
          "resolved": "https://pkgs.dev.azure.com/diemobiliar/RWC/_packaging/npm-main/npm/registry/isarray/-/isarray-1.0.0.tgz",
          "integrity": "sha1-u5NdSFgsuhaMBoNJV6VKPgcSTxE=",
          "optional": true
        },
        "lodash.clonedeep": {
          "version": "4.5.0",
          "resolved": "https://pkgs.dev.azure.com/diemobiliar/RWC/_packaging/npm-main/npm/registry/lodash.clonedeep/-/lodash.clonedeep-4.5.0.tgz",
          "integrity": "sha1-4j8/nE+Pvd6HJSnBBxhXoIblzO8="
        },
        "lodash.debounce": {
          "version": "4.0.8",
          "resolved": "https://pkgs.dev.azure.com/diemobiliar/RWC/_packaging/npm-main/npm/registry/lodash.debounce/-/lodash.debounce-4.0.8.tgz",
          "integrity": "sha1-gteb/zCmfEAF/9XiUVMArZyk168="
        },
        "mimic-response": {
          "version": "2.1.0",
          "resolved": "https://pkgs.dev.azure.com/diemobiliar/RWC/_packaging/npm-main/npm/registry/mimic-response/-/mimic-response-2.1.0.tgz",
          "integrity": "sha1-0Tdj019hPQnsN+uzC6wEacDuj0M=",
          "optional": true
        },
        "minimist": {
          "version": "1.2.5",
          "resolved": "https://pkgs.dev.azure.com/diemobiliar/RWC/_packaging/npm-main/npm/registry/minimist/-/minimist-1.2.5.tgz",
          "integrity": "sha1-Z9ZgFLZqaoqqDAg8X9WN9OTpdgI=",
          "optional": true
        },
        "mkdirp-classic": {
          "version": "0.5.3",
          "resolved": "https://pkgs.dev.azure.com/diemobiliar/RWC/_packaging/npm-main/npm/registry/mkdirp-classic/-/mkdirp-classic-0.5.3.tgz",
          "integrity": "sha1-+hDJEVzG2IZb4iG6R+6b7XhgERM=",
          "optional": true
        },
        "ms": {
          "version": "2.1.2",
          "resolved": "https://pkgs.dev.azure.com/diemobiliar/RWC/_packaging/npm-main/npm/registry/ms/-/ms-2.1.2.tgz",
          "integrity": "sha1-0J0fNXtEP0kzgqjrPM0YOHKuYAk=",
          "optional": true
        },
        "nan": {
          "version": "2.14.2",
          "resolved": "https://pkgs.dev.azure.com/diemobiliar/RWC/_packaging/npm-main/npm/registry/nan/-/nan-2.14.2.tgz",
          "integrity": "sha1-9TdkAGlRaPTMaUrJOT0MlYXu6hk=",
          "optional": true
        },
        "nanotimer": {
          "version": "0.3.10",
          "resolved": "https://pkgs.dev.azure.com/diemobiliar/RWC/_packaging/npm-main/npm/registry/nanotimer/-/nanotimer-0.3.10.tgz",
          "integrity": "sha1-6C7g0AWCsj5wa9wA/znIfaqt24M="
        },
        "napi-build-utils": {
          "version": "1.0.2",
          "resolved": "https://pkgs.dev.azure.com/diemobiliar/RWC/_packaging/npm-main/npm/registry/napi-build-utils/-/napi-build-utils-1.0.2.tgz",
          "integrity": "sha1-sf3cCyxG44Cgt6dvmE3UfEGhOAY=",
          "optional": true
        },
        "node-abi": {
          "version": "2.19.3",
          "resolved": "https://pkgs.dev.azure.com/diemobiliar/RWC/_packaging/npm-main/npm/registry/node-abi/-/node-abi-2.19.3.tgz",
          "integrity": "sha1-JS9dyrEtrRtVA7LSft3UczkwKC0=",
          "optional": true,
          "requires": {
            "semver": "^5.4.1"
          }
        },
        "noop-logger": {
          "version": "0.1.1",
          "resolved": "https://pkgs.dev.azure.com/diemobiliar/RWC/_packaging/npm-main/npm/registry/noop-logger/-/noop-logger-0.1.1.tgz",
          "integrity": "sha1-lKKxYzxPExdVMAfYlm/Q6EG2pMI=",
          "optional": true
        },
        "npmlog": {
          "version": "4.1.2",
          "resolved": "https://pkgs.dev.azure.com/diemobiliar/RWC/_packaging/npm-main/npm/registry/npmlog/-/npmlog-4.1.2.tgz",
          "integrity": "sha1-CKfyqL9zRgR3mp76StXMcXq7lUs=",
          "optional": true,
          "requires": {
            "are-we-there-yet": "~1.1.2",
            "console-control-strings": "~1.1.0",
            "gauge": "~2.7.3",
            "set-blocking": "~2.0.0"
          }
        },
        "number-is-nan": {
          "version": "1.0.1",
          "resolved": "https://pkgs.dev.azure.com/diemobiliar/RWC/_packaging/npm-main/npm/registry/number-is-nan/-/number-is-nan-1.0.1.tgz",
          "integrity": "sha1-CXtgK1NCKlIsGvuHkDGDNpQaAR0=",
          "optional": true
        },
        "object-assign": {
          "version": "4.1.1",
          "resolved": "https://pkgs.dev.azure.com/diemobiliar/RWC/_packaging/npm-main/npm/registry/object-assign/-/object-assign-4.1.1.tgz",
          "integrity": "sha1-IQmtx5ZYh8/AXLvUQsrIv7s2CGM=",
          "optional": true
        },
        "once": {
          "version": "1.4.0",
          "resolved": "https://pkgs.dev.azure.com/diemobiliar/RWC/_packaging/npm-main/npm/registry/once/-/once-1.4.0.tgz",
          "integrity": "sha1-WDsap3WWHUsROsF9nFC6753Xa9E=",
          "optional": true,
          "requires": {
            "wrappy": "1"
          }
        },
        "prebuild-install": {
          "version": "5.3.6",
          "resolved": "https://pkgs.dev.azure.com/diemobiliar/RWC/_packaging/npm-main/npm/registry/prebuild-install/-/prebuild-install-5.3.6.tgz",
          "integrity": "sha1-fCJVaNhkxx2J0H+HlgQnM6P1QpE=",
          "optional": true,
          "requires": {
            "detect-libc": "^1.0.3",
            "expand-template": "^2.0.3",
            "github-from-package": "0.0.0",
            "minimist": "^1.2.3",
            "mkdirp-classic": "^0.5.3",
            "napi-build-utils": "^1.0.1",
            "node-abi": "^2.7.0",
            "noop-logger": "^0.1.1",
            "npmlog": "^4.0.1",
            "pump": "^3.0.0",
            "rc": "^1.2.7",
            "simple-get": "^3.0.3",
            "tar-fs": "^2.0.0",
            "tunnel-agent": "^0.6.0",
            "which-pm-runs": "^1.0.0"
          }
        },
        "process-nextick-args": {
          "version": "2.0.1",
          "resolved": "https://pkgs.dev.azure.com/diemobiliar/RWC/_packaging/npm-main/npm/registry/process-nextick-args/-/process-nextick-args-2.0.1.tgz",
          "integrity": "sha1-eCDZsWEgzFXKmud5JoCufbptf+I=",
          "optional": true
        },
        "pump": {
          "version": "3.0.0",
          "resolved": "https://pkgs.dev.azure.com/diemobiliar/RWC/_packaging/npm-main/npm/registry/pump/-/pump-3.0.0.tgz",
          "integrity": "sha1-tKIRaBW94vTh6mAjVOjHVWUQemQ=",
          "optional": true,
          "requires": {
            "end-of-stream": "^1.1.0",
            "once": "^1.3.1"
          }
        },
        "rc": {
          "version": "1.2.8",
          "resolved": "https://pkgs.dev.azure.com/diemobiliar/RWC/_packaging/npm-main/npm/registry/rc/-/rc-1.2.8.tgz",
          "integrity": "sha1-zZJL9SAKB1uDwYjNa54hG3/A0+0=",
          "optional": true,
          "requires": {
            "deep-extend": "^0.6.0",
            "ini": "~1.3.0",
            "minimist": "^1.2.0",
            "strip-json-comments": "~2.0.1"
          }
        },
        "readable-stream": {
          "version": "2.3.7",
          "resolved": "https://pkgs.dev.azure.com/diemobiliar/RWC/_packaging/npm-main/npm/registry/readable-stream/-/readable-stream-2.3.7.tgz",
          "integrity": "sha1-Hsoc9xGu+BTAT2IlKjamL2yyO1c=",
          "optional": true,
          "requires": {
            "core-util-is": "~1.0.0",
            "inherits": "~2.0.3",
            "isarray": "~1.0.0",
            "process-nextick-args": "~2.0.0",
            "safe-buffer": "~5.1.1",
            "string_decoder": "~1.1.1",
            "util-deprecate": "~1.0.1"
          }
        },
        "safe-buffer": {
          "version": "5.1.2",
          "resolved": "https://pkgs.dev.azure.com/diemobiliar/RWC/_packaging/npm-main/npm/registry/safe-buffer/-/safe-buffer-5.1.2.tgz",
          "integrity": "sha1-mR7GnSluAxN0fVm9/St0XDX4go0=",
          "optional": true
        },
        "semver": {
          "version": "5.7.1",
          "resolved": "https://pkgs.dev.azure.com/diemobiliar/RWC/_packaging/npm-main/npm/registry/semver/-/semver-5.7.1.tgz",
          "integrity": "sha1-qVT5Ma66UI0we78Gnv8MAclhFvc=",
          "optional": true
        },
        "serialport": {
          "version": "8.0.8",
          "resolved": "https://pkgs.dev.azure.com/diemobiliar/RWC/_packaging/npm-main/npm/registry/serialport/-/serialport-8.0.8.tgz",
          "integrity": "sha1-IH/NkNzw4cGDEXmcWVsqEubf5P0=",
          "optional": true,
          "requires": {
            "@serialport/binding-mock": "^8.0.6",
            "@serialport/bindings": "^8.0.8",
            "@serialport/parser-byte-length": "^8.0.6",
            "@serialport/parser-cctalk": "^8.0.6",
            "@serialport/parser-delimiter": "^8.0.6",
            "@serialport/parser-readline": "^8.0.6",
            "@serialport/parser-ready": "^8.0.6",
            "@serialport/parser-regex": "^8.0.6",
            "@serialport/stream": "^8.0.6",
            "debug": "^4.1.1"
          }
        },
        "set-blocking": {
          "version": "2.0.0",
          "resolved": "https://pkgs.dev.azure.com/diemobiliar/RWC/_packaging/npm-main/npm/registry/set-blocking/-/set-blocking-2.0.0.tgz",
          "integrity": "sha1-BF+XgtARrppoA93TgrJDkrPYkPc=",
          "optional": true
        },
        "signal-exit": {
          "version": "3.0.3",
          "resolved": "https://pkgs.dev.azure.com/diemobiliar/RWC/_packaging/npm-main/npm/registry/signal-exit/-/signal-exit-3.0.3.tgz",
          "integrity": "sha1-oUEMLt2PB3sItOJTyOrPyvBXRhw=",
          "optional": true
        },
        "simple-concat": {
          "version": "1.0.1",
          "resolved": "https://pkgs.dev.azure.com/diemobiliar/RWC/_packaging/npm-main/npm/registry/simple-concat/-/simple-concat-1.0.1.tgz",
          "integrity": "sha1-9Gl2CCujXCJj8cirXt/ibEHJVS8=",
          "optional": true
        },
        "simple-get": {
          "version": "3.1.0",
          "resolved": "https://pkgs.dev.azure.com/diemobiliar/RWC/_packaging/npm-main/npm/registry/simple-get/-/simple-get-3.1.0.tgz",
          "integrity": "sha1-tFvgYkNeUNFZVAtXYgLO7EC5xrM=",
          "optional": true,
          "requires": {
            "decompress-response": "^4.2.0",
            "once": "^1.3.1",
            "simple-concat": "^1.0.0"
          }
        },
        "string-width": {
          "version": "1.0.2",
          "resolved": "https://pkgs.dev.azure.com/diemobiliar/RWC/_packaging/npm-main/npm/registry/string-width/-/string-width-1.0.2.tgz",
          "integrity": "sha1-EYvfW4zcUaKn5w0hHgfisLmxB9M=",
          "optional": true,
          "requires": {
            "code-point-at": "^1.0.0",
            "is-fullwidth-code-point": "^1.0.0",
            "strip-ansi": "^3.0.0"
          }
        },
        "string_decoder": {
          "version": "1.1.1",
          "resolved": "https://pkgs.dev.azure.com/diemobiliar/RWC/_packaging/npm-main/npm/registry/string_decoder/-/string_decoder-1.1.1.tgz",
          "integrity": "sha1-nPFhG6YmhdcDCunkujQUnDrwP8g=",
          "optional": true,
          "requires": {
            "safe-buffer": "~5.1.0"
          }
        },
        "strip-ansi": {
          "version": "3.0.1",
          "resolved": "https://pkgs.dev.azure.com/diemobiliar/RWC/_packaging/npm-main/npm/registry/strip-ansi/-/strip-ansi-3.0.1.tgz",
          "integrity": "sha1-ajhfuIU9lS1f8F0Oiq+UJ43GPc8=",
          "optional": true,
          "requires": {
            "ansi-regex": "^2.0.0"
          }
        },
        "strip-json-comments": {
          "version": "2.0.1",
          "resolved": "https://pkgs.dev.azure.com/diemobiliar/RWC/_packaging/npm-main/npm/registry/strip-json-comments/-/strip-json-comments-2.0.1.tgz",
          "integrity": "sha1-PFMZQukIwml8DsNEhYwobHygpgo=",
          "optional": true
        },
        "supports-color": {
          "version": "4.5.0",
          "resolved": "https://pkgs.dev.azure.com/diemobiliar/RWC/_packaging/npm-main/npm/registry/supports-color/-/supports-color-4.5.0.tgz",
          "integrity": "sha1-vnoN5ITexcXN34s9WRJQRJEvY1s=",
          "requires": {
            "has-flag": "^2.0.0"
          }
        },
        "tar-fs": {
          "version": "2.1.1",
          "resolved": "https://pkgs.dev.azure.com/diemobiliar/RWC/_packaging/npm-main/npm/registry/tar-fs/-/tar-fs-2.1.1.tgz",
          "integrity": "sha1-SJoVq4Xx8L76uzcLfeT561y+h4Q=",
          "optional": true,
          "requires": {
            "chownr": "^1.1.1",
            "mkdirp-classic": "^0.5.2",
            "pump": "^3.0.0",
            "tar-stream": "^2.1.4"
          }
        },
        "tar-stream": {
          "version": "2.1.4",
          "resolved": "https://pkgs.dev.azure.com/diemobiliar/RWC/_packaging/npm-main/npm/registry/tar-stream/-/tar-stream-2.1.4.tgz",
          "integrity": "sha1-xPsaEesNopuJOlslR2OXui0FO/o=",
          "optional": true,
          "requires": {
            "bl": "^4.0.3",
            "end-of-stream": "^1.4.1",
            "fs-constants": "^1.0.0",
            "inherits": "^2.0.3",
            "readable-stream": "^3.1.1"
          },
          "dependencies": {
            "readable-stream": {
              "version": "3.6.0",
              "resolved": "https://pkgs.dev.azure.com/diemobiliar/RWC/_packaging/npm-main/npm/registry/readable-stream/-/readable-stream-3.6.0.tgz",
              "integrity": "sha1-M3u9o63AcGvT4CRCaihtS0sskZg=",
              "optional": true,
              "requires": {
                "inherits": "^2.0.3",
                "string_decoder": "^1.1.1",
                "util-deprecate": "^1.0.1"
              }
            }
          }
        },
        "temporal": {
          "version": "0.7.1",
          "resolved": "https://pkgs.dev.azure.com/diemobiliar/RWC/_packaging/npm-main/npm/registry/temporal/-/temporal-0.7.1.tgz",
          "integrity": "sha1-3XmUYQfDQUok//q33XkkNAnqa9I="
        },
        "tunnel-agent": {
          "version": "0.6.0",
          "resolved": "https://pkgs.dev.azure.com/diemobiliar/RWC/_packaging/npm-main/npm/registry/tunnel-agent/-/tunnel-agent-0.6.0.tgz",
          "integrity": "sha1-J6XeoGs2sEoKmWZ3SykIaPD8QP0=",
          "optional": true,
          "requires": {
            "safe-buffer": "^5.0.1"
          }
        },
        "util-deprecate": {
          "version": "1.0.2",
          "resolved": "https://pkgs.dev.azure.com/diemobiliar/RWC/_packaging/npm-main/npm/registry/util-deprecate/-/util-deprecate-1.0.2.tgz",
          "integrity": "sha1-RQ1Nyfpw3nMnYvvS1KKJgUGaDM8=",
          "optional": true
        },
        "which-pm-runs": {
          "version": "1.0.0",
          "resolved": "https://pkgs.dev.azure.com/diemobiliar/RWC/_packaging/npm-main/npm/registry/which-pm-runs/-/which-pm-runs-1.0.0.tgz",
          "integrity": "sha1-Zws6+8VS4LVd9rd4DKdGFfI60cs=",
          "optional": true
        },
        "wide-align": {
          "version": "1.1.3",
          "resolved": "https://pkgs.dev.azure.com/diemobiliar/RWC/_packaging/npm-main/npm/registry/wide-align/-/wide-align-1.1.3.tgz",
          "integrity": "sha1-rgdOa9wMFKQx6ATmJFScYzsABFc=",
          "optional": true,
          "requires": {
            "string-width": "^1.0.2 || 2"
          }
        },
        "wrappy": {
          "version": "1.0.2",
          "resolved": "https://pkgs.dev.azure.com/diemobiliar/RWC/_packaging/npm-main/npm/registry/wrappy/-/wrappy-1.0.2.tgz",
          "integrity": "sha1-tSQ9jz7BqjXxNkYFvA0QNuMKtp8=",
          "optional": true
        }
      }
    },
    "tessel-io": {
      "version": "1.3.0",
      "resolved": "https://pkgs.dev.azure.com/diemobiliar/RWC/_packaging/npm-main/npm/registry/tessel-io/-/tessel-io-1.3.0.tgz",
      "integrity": "sha1-pcXkzEc/vgMzl9vXL1HDWBJ4i/A="
    }
  }
}
